
Microsoft Visual Studio Solution File, Format Version 12.00
# Visual Studio 15
Project("{FAE04EC0-301F-11D3-BF4B-00C04F79EFBC}") = "Foody.Android", "Foody.Android\Foody.Android.csproj", "{761CE2CE-05DA-4544-9E14-B5F586A24844}"
EndProject
Project("{FAE04EC0-301F-11D3-BF4B-00C04F79EFBC}") = "Foody.iOS", "Foody.iOS\Foody.iOS.csproj", "{E101A205-0F5D-4839-8592-2B2F35FFAE0A}"
EndProject
Project("{FAE04EC0-301F-11D3-BF4B-00C04F79EFBC}") = "Foody", "Foody\Foody.csproj", "{B6CD8660-EACF-4C7E-85CC-B2B5B2DF3D76}"
EndProject
Global
	GlobalSection(SolutionConfigurationPlatforms) = preSolution
		Debug|Any CPU = Debug|Any CPU
		Release|Any CPU = Release|Any CPU
		Debug|iPhoneSimulator = Debug|iPhoneSimulator
		Release|iPhoneSimulator = Release|iPhoneSimulator
		Debug|iPhone = Debug|iPhone
		Release|iPhone = Release|iPhone
	EndGlobalSection
	GlobalSection(ProjectConfigurationPlatforms) = postSolution
		{761CE2CE-05DA-4544-9E14-B5F586A24844}.Debug|Any CPU.ActiveCfg = Debug|Any CPU
		{761CE2CE-05DA-4544-9E14-B5F586A24844}.Debug|Any CPU.Build.0 = Debug|Any CPU
		{761CE2CE-05DA-4544-9E14-B5F586A24844}.Release|Any CPU.ActiveCfg = Release|Any CPU
		{761CE2CE-05DA-4544-9E14-B5F586A24844}.Release|Any CPU.Build.0 = Release|Any CPU
		{761CE2CE-05DA-4544-9E14-B5F586A24844}.Debug|iPhoneSimulator.ActiveCfg = Debug|Any CPU
		{761CE2CE-05DA-4544-9E14-B5F586A24844}.Debug|iPhoneSimulator.Build.0 = Debug|Any CPU
		{761CE2CE-05DA-4544-9E14-B5F586A24844}.Release|iPhoneSimulator.ActiveCfg = Release|Any CPU
		{761CE2CE-05DA-4544-9E14-B5F586A24844}.Release|iPhoneSimulator.Build.0 = Release|Any CPU
		{761CE2CE-05DA-4544-9E14-B5F586A24844}.Debug|iPhone.ActiveCfg = Debug|Any CPU
		{761CE2CE-05DA-4544-9E14-B5F586A24844}.Debug|iPhone.Build.0 = Debug|Any CPU
		{761CE2CE-05DA-4544-9E14-B5F586A24844}.Release|iPhone.ActiveCfg = Release|Any CPU
		{761CE2CE-05DA-4544-9E14-B5F586A24844}.Release|iPhone.Build.0 = Release|Any CPU
		{E101A205-0F5D-4839-8592-2B2F35FFAE0A}.Debug|Any CPU.ActiveCfg = Debug|iPhoneSimulator
		{E101A205-0F5D-4839-8592-2B2F35FFAE0A}.Debug|Any CPU.Build.0 = Debug|iPhoneSimulator
		{E101A205-0F5D-4839-8592-2B2F35FFAE0A}.Release|Any CPU.ActiveCfg = Release|iPhoneSimulator
		{E101A205-0F5D-4839-8592-2B2F35FFAE0A}.Release|Any CPU.Build.0 = Release|iPhoneSimulator
		{E101A205-0F5D-4839-8592-2B2F35FFAE0A}.Debug|iPhoneSimulator.ActiveCfg = Debug|iPhoneSimulator
		{E101A205-0F5D-4839-8592-2B2F35FFAE0A}.Debug|iPhoneSimulator.Build.0 = Debug|iPhoneSimulator
		{E101A205-0F5D-4839-8592-2B2F35FFAE0A}.Release|iPhoneSimulator.ActiveCfg = Release|iPhoneSimulator
		{E101A205-0F5D-4839-8592-2B2F35FFAE0A}.Release|iPhoneSimulator.Build.0 = Release|iPhoneSimulator
		{E101A205-0F5D-4839-8592-2B2F35FFAE0A}.Debug|iPhone.ActiveCfg = Debug|iPhone
		{E101A205-0F5D-4839-8592-2B2F35FFAE0A}.Debug|iPhone.Build.0 = Debug|iPhone
		{E101A205-0F5D-4839-8592-2B2F35FFAE0A}.Release|iPhone.ActiveCfg = Release|iPhone
		{E101A205-0F5D-4839-8592-2B2F35FFAE0A}.Release|iPhone.Build.0 = Release|iPhone
		{B6CD8660-EACF-4C7E-85CC-B2B5B2DF3D76}.Debug|Any CPU.ActiveCfg = Debug|Any CPU
		{B6CD8660-EACF-4C7E-85CC-B2B5B2DF3D76}.Debug|Any CPU.Build.0 = Debug|Any CPU
		{B6CD8660-EACF-4C7E-85CC-B2B5B2DF3D76}.Release|Any CPU.ActiveCfg = Release|Any CPU
		{B6CD8660-EACF-4C7E-85CC-B2B5B2DF3D76}.Release|Any CPU.Build.0 = Release|Any CPU
		{B6CD8660-EACF-4C7E-85CC-B2B5B2DF3D76}.Debug|iPhoneSimulator.ActiveCfg = Debug|Any CPU
		{B6CD8660-EACF-4C7E-85CC-B2B5B2DF3D76}.Debug|iPhoneSimulator.Build.0 = Debug|Any CPU
		{B6CD8660-EACF-4C7E-85CC-B2B5B2DF3D76}.Release|iPhoneSimulator.ActiveCfg = Release|Any CPU
		{B6CD8660-EACF-4C7E-85CC-B2B5B2DF3D76}.Release|iPhoneSimulator.Build.0 = Release|Any CPU
		{B6CD8660-EACF-4C7E-85CC-B2B5B2DF3D76}.Debug|iPhone.ActiveCfg = Debug|Any CPU
		{B6CD8660-EACF-4C7E-85CC-B2B5B2DF3D76}.Debug|iPhone.Build.0 = Debug|Any CPU
		{B6CD8660-EACF-4C7E-85CC-B2B5B2DF3D76}.Release|iPhone.ActiveCfg = Release|Any CPU
		{B6CD8660-EACF-4C7E-85CC-B2B5B2DF3D76}.Release|iPhone.Build.0 = Release|Any CPU
	EndGlobalSection
EndGlobal
